
Microsoft Visual Studio Solution File, Format Version 12.00
# Visual Studio Version 16
VisualStudioVersion = 16.0.30011.22
MinimumVisualStudioVersion = 10.0.40219.1
Project("{9A19103F-16F7-4668-BE54-9A1E7A4F7556}") = "Metotlar", "Metotlar\Metotlar.csproj", "{3011742A-9396-4280-BCFB-ECFDDE035EF0}"
EndProject
Project("{9A19103F-16F7-4668-BE54-9A1E7A4F7556}") = "Matematik", "Matematik\Matematik.csproj", "{A663E9B4-4C1E-4E7D-B412-12EF389F6265}"
EndProject
Project("{9A19103F-16F7-4668-BE54-9A1E7A4F7556}") = "DegerveReferansTipler", "DegerveReferansTipler\DegerveReferansTipler.csproj", "{55D99B29-CBB4-427A-A1E6-81F07C03D9EE}"
EndProject
Project("{9A19103F-16F7-4668-BE54-9A1E7A4F7556}") = "Donguler", "Donguler\Donguler.csproj", "{20290052-E021-48E2-BD0D-4FF64B0C5A7F}"
EndProject
Project("{9A19103F-16F7-4668-BE54-9A1E7A4F7556}") = "OOP1", "OOP1\OOP1.csproj", "{9DB70060-33D4-4011-9548-3C3F6B78E6D2}"
EndProject
Project("{9A19103F-16F7-4668-BE54-9A1E7A4F7556}") = "KampIntro", "KampIntro\KampIntro.csproj", "{31399D11-D8CC-4B0D-8E48-705408FC7664}"
EndProject
Project("{9A19103F-16F7-4668-BE54-9A1E7A4F7556}") = "Koleksiyonlar", "Koleksiyonlar\Koleksiyonlar.csproj", "{6EAF9250-2750-4D2F-8109-AC6E0E6EBACF}"
EndProject
Project("{9A19103F-16F7-4668-BE54-9A1E7A4F7556}") = "GenericsIntro", "GenericsIntro\GenericsIntro.csproj", "{57535ABB-D2A9-477F-8FCA-E5D1F328E613}"
EndProject
Project("{FAE04EC0-301F-11D3-BF4B-00C04F79EFBC}") = "OOP2", "OOP2\OOP2.csproj", "{69129097-A2C0-4EB2-AB95-AA5CECBBCC17}"
EndProject
Project("{FAE04EC0-301F-11D3-BF4B-00C04F79EFBC}") = "OOP3", "OOP3\OOP3.csproj", "{58953B8A-D852-4BDE-B12A-996F7339DE94}"
EndProject
Global
	GlobalSection(SolutionConfigurationPlatforms) = preSolution
		Debug|Any CPU = Debug|Any CPU
		Release|Any CPU = Release|Any CPU
	EndGlobalSection
	GlobalSection(ProjectConfigurationPlatforms) = postSolution
		{3011742A-9396-4280-BCFB-ECFDDE035EF0}.Debug|Any CPU.ActiveCfg = Debug|Any CPU
		{3011742A-9396-4280-BCFB-ECFDDE035EF0}.Debug|Any CPU.Build.0 = Debug|Any CPU
		{3011742A-9396-4280-BCFB-ECFDDE035EF0}.Release|Any CPU.ActiveCfg = Release|Any CPU
		{3011742A-9396-4280-BCFB-ECFDDE035EF0}.Release|Any CPU.Build.0 = Release|Any CPU
		{A663E9B4-4C1E-4E7D-B412-12EF389F6265}.Debug|Any CPU.ActiveCfg = Debug|Any CPU
		{A663E9B4-4C1E-4E7D-B412-12EF389F6265}.Debug|Any CPU.Build.0 = Debug|Any CPU
		{A663E9B4-4C1E-4E7D-B412-12EF389F6265}.Release|Any CPU.ActiveCfg = Release|Any CPU
		{A663E9B4-4C1E-4E7D-B412-12EF389F6265}.Release|Any CPU.Build.0 = Release|Any CPU
		{55D99B29-CBB4-427A-A1E6-81F07C03D9EE}.Debug|Any CPU.ActiveCfg = Debug|Any CPU
		{55D99B29-CBB4-427A-A1E6-81F07C03D9EE}.Debug|Any CPU.Build.0 = Debug|Any CPU
		{55D99B29-CBB4-427A-A1E6-81F07C03D9EE}.Release|Any CPU.ActiveCfg = Release|Any CPU
		{55D99B29-CBB4-427A-A1E6-81F07C03D9EE}.Release|Any CPU.Build.0 = Release|Any CPU
		{20290052-E021-48E2-BD0D-4FF64B0C5A7F}.Debug|Any CPU.ActiveCfg = Debug|Any CPU
		{20290052-E021-48E2-BD0D-4FF64B0C5A7F}.Debug|Any CPU.Build.0 = Debug|Any CPU
		{20290052-E021-48E2-BD0D-4FF64B0C5A7F}.Release|Any CPU.ActiveCfg = Release|Any CPU
		{20290052-E021-48E2-BD0D-4FF64B0C5A7F}.Release|Any CPU.Build.0 = Release|Any CPU
		{9DB70060-33D4-4011-9548-3C3F6B78E6D2}.Debug|Any CPU.ActiveCfg = Debug|Any CPU
		{9DB70060-33D4-4011-9548-3C3F6B78E6D2}.Debug|Any CPU.Build.0 = Debug|Any CPU
		{9DB70060-33D4-4011-9548-3C3F6B78E6D2}.Release|Any CPU.ActiveCfg = Release|Any CPU
		{9DB70060-33D4-4011-9548-3C3F6B78E6D2}.Release|Any CPU.Build.0 = Release|Any CPU
		{31399D11-D8CC-4B0D-8E48-705408FC7664}.Debug|Any CPU.ActiveCfg = Debug|Any CPU
		{31399D11-D8CC-4B0D-8E48-705408FC7664}.Debug|Any CPU.Build.0 = Debug|Any CPU
		{31399D11-D8CC-4B0D-8E48-705408FC7664}.Release|Any CPU.ActiveCfg = Release|Any CPU
		{31399D11-D8CC-4B0D-8E48-705408FC7664}.Release|Any CPU.Build.0 = Release|Any CPU
		{6EAF9250-2750-4D2F-8109-AC6E0E6EBACF}.Debug|Any CPU.ActiveCfg = Debug|Any CPU
		{6EAF9250-2750-4D2F-8109-AC6E0E6EBACF}.Debug|Any CPU.Build.0 = Debug|Any CPU
		{6EAF9250-2750-4D2F-8109-AC6E0E6EBACF}.Release|Any CPU.ActiveCfg = Release|Any CPU
		{6EAF9250-2750-4D2F-8109-AC6E0E6EBACF}.Release|Any CPU.Build.0 = Release|Any CPU
		{57535ABB-D2A9-477F-8FCA-E5D1F328E613}.Debug|Any CPU.ActiveCfg = Debug|Any CPU
		{57535ABB-D2A9-477F-8FCA-E5D1F328E613}.Debug|Any CPU.Build.0 = Debug|Any CPU
		{57535ABB-D2A9-477F-8FCA-E5D1F328E613}.Release|Any CPU.ActiveCfg = Release|Any CPU
		{57535ABB-D2A9-477F-8FCA-E5D1F328E613}.Release|Any CPU.Build.0 = Release|Any CPU
		{69129097-A2C0-4EB2-AB95-AA5CECBBCC17}.Debug|Any CPU.ActiveCfg = Debug|Any CPU
		{69129097-A2C0-4EB2-AB95-AA5CECBBCC17}.Debug|Any CPU.Build.0 = Debug|Any CPU
		{69129097-A2C0-4EB2-AB95-AA5CECBBCC17}.Release|Any CPU.ActiveCfg = Release|Any CPU
		{69129097-A2C0-4EB2-AB95-AA5CECBBCC17}.Release|Any CPU.Build.0 = Release|Any CPU
		{58953B8A-D852-4BDE-B12A-996F7339DE94}.Debug|Any CPU.ActiveCfg = Debug|Any CPU
		{58953B8A-D852-4BDE-B12A-996F7339DE94}.Debug|Any CPU.Build.0 = Debug|Any CPU
		{58953B8A-D852-4BDE-B12A-996F7339DE94}.Release|Any CPU.ActiveCfg = Release|Any CPU
		{58953B8A-D852-4BDE-B12A-996F7339DE94}.Release|Any CPU.Build.0 = Release|Any CPU
	EndGlobalSection
	GlobalSection(SolutionProperties) = preSolution
		HideSolutionNode = FALSE
	EndGlobalSection
	GlobalSection(ExtensibilityGlobals) = postSolution
		SolutionGuid = {095164D5-34C3-4650-8D7D-2EF974DC4046}
	EndGlobalSection
EndGlobal
